// !$*UTF8*$!
{
	archiveVersion = 1;
	classes = {
	};
	objectVersion = 77;
	objects = {

/* Begin PBXBuildFile section */
		204078232CFF4CCF002147EC /* Preview Assets.xcassets in Resources */ = {isa = PBXBuildFile; fileRef = 2040781D2CFF4CCF002147EC /* Preview Assets.xcassets */; };
		204078242CFF4CCF002147EC /* Assets.xcassets in Resources */ = {isa = PBXBuildFile; fileRef = 2040781F2CFF4CCF002147EC /* Assets.xcassets */; };
		204078252CFF4CCF002147EC /* ContentView.swift in Sources */ = {isa = PBXBuildFile; fileRef = 204078202CFF4CCF002147EC /* ContentView.swift */; };
		204078262CFF4CCF002147EC /* nongkiWeatherApp.swift in Sources */ = {isa = PBXBuildFile; fileRef = 204078212CFF4CCF002147EC /* nongkiWeatherApp.swift */; };
		2040782C2CFF4D30002147EC /* Router.swift in Sources */ = {isa = PBXBuildFile; fileRef = 2040782B2CFF4D30002147EC /* Router.swift */; };
		204078312CFF4DAA002147EC /* RouteEnum.swift in Sources */ = {isa = PBXBuildFile; fileRef = 204078302CFF4DAA002147EC /* RouteEnum.swift */; };
		204078352CFF4E42002147EC /* RouterView.swift in Sources */ = {isa = PBXBuildFile; fileRef = 204078342CFF4E42002147EC /* RouterView.swift */; };
		204078382CFF4EE1002147EC /* InputView.swift in Sources */ = {isa = PBXBuildFile; fileRef = 204078372CFF4EE1002147EC /* InputView.swift */; };
		2040783D2CFF5E84002147EC /* SearchableDropdown.swift in Sources */ = {isa = PBXBuildFile; fileRef = 2040783C2CFF5E84002147EC /* SearchableDropdown.swift */; };
/* End PBXBuildFile section */

/* Begin PBXFileReference section */
		2040780B2CFF3E49002147EC /* nongkiWeather.app */ = {isa = PBXFileReference; explicitFileType = wrapper.application; includeInIndex = 0; path = nongkiWeather.app; sourceTree = BUILT_PRODUCTS_DIR; };
		2040781D2CFF4CCF002147EC /* Preview Assets.xcassets */ = {isa = PBXFileReference; lastKnownFileType = folder.assetcatalog; path = "Preview Assets.xcassets"; sourceTree = "<group>"; };
		2040781F2CFF4CCF002147EC /* Assets.xcassets */ = {isa = PBXFileReference; lastKnownFileType = folder.assetcatalog; path = Assets.xcassets; sourceTree = "<group>"; };
		204078202CFF4CCF002147EC /* ContentView.swift */ = {isa = PBXFileReference; lastKnownFileType = sourcecode.swift; path = ContentView.swift; sourceTree = "<group>"; };
		204078212CFF4CCF002147EC /* nongkiWeatherApp.swift */ = {isa = PBXFileReference; lastKnownFileType = sourcecode.swift; path = nongkiWeatherApp.swift; sourceTree = "<group>"; };
		2040782B2CFF4D30002147EC /* Router.swift */ = {isa = PBXFileReference; lastKnownFileType = sourcecode.swift; path = Router.swift; sourceTree = "<group>"; };
		204078302CFF4DAA002147EC /* RouteEnum.swift */ = {isa = PBXFileReference; lastKnownFileType = sourcecode.swift; path = RouteEnum.swift; sourceTree = "<group>"; };
		204078342CFF4E42002147EC /* RouterView.swift */ = {isa = PBXFileReference; lastKnownFileType = sourcecode.swift; path = RouterView.swift; sourceTree = "<group>"; };
		204078372CFF4EE1002147EC /* InputView.swift */ = {isa = PBXFileReference; lastKnownFileType = sourcecode.swift; path = InputView.swift; sourceTree = "<group>"; };
		2040783C2CFF5E84002147EC /* SearchableDropdown.swift */ = {isa = PBXFileReference; lastKnownFileType = sourcecode.swift; path = SearchableDropdown.swift; sourceTree = "<group>"; };
/* End PBXFileReference section */

/* Begin PBXFrameworksBuildPhase section */
		204078082CFF3E49002147EC /* Frameworks */ = {
			isa = PBXFrameworksBuildPhase;
			buildActionMask = 2147483647;
			files = (
			);
			runOnlyForDeploymentPostprocessing = 0;
		};
/* End PBXFrameworksBuildPhase section */

/* Begin PBXGroup section */
		204078022CFF3E49002147EC = {
			isa = PBXGroup;
			children = (
				204078222CFF4CCF002147EC /* nongkiWeather */,
				2040780C2CFF3E49002147EC /* Products */,
			);
			sourceTree = "<group>";
		};
		2040780C2CFF3E49002147EC /* Products */ = {
			isa = PBXGroup;
			children = (
				2040780B2CFF3E49002147EC /* nongkiWeather.app */,
			);
			name = Products;
			sourceTree = "<group>";
		};
		2040781E2CFF4CCF002147EC /* Preview Content */ = {
			isa = PBXGroup;
			children = (
				2040781D2CFF4CCF002147EC /* Preview Assets.xcassets */,
			);
			path = "Preview Content";
			sourceTree = "<group>";
		};
		204078222CFF4CCF002147EC /* nongkiWeather */ = {
			isa = PBXGroup;
			children = (
				2040782D2CFF4D85002147EC /* Domain */,
				204078292CFF4D11002147EC /* Presentation */,
				204078272CFF4CD9002147EC /* Common */,
				2040781E2CFF4CCF002147EC /* Preview Content */,
				2040781F2CFF4CCF002147EC /* Assets.xcassets */,
				204078212CFF4CCF002147EC /* nongkiWeatherApp.swift */,
			);
			path = nongkiWeather;
			sourceTree = "<group>";
		};
		204078272CFF4CD9002147EC /* Common */ = {
			isa = PBXGroup;
			children = (
			);
			path = Common;
			sourceTree = "<group>";
		};
		204078292CFF4D11002147EC /* Presentation */ = {
			isa = PBXGroup;
			children = (
				204078392CFF5E41002147EC /* Component */,
				204078362CFF4EBD002147EC /* Input */,
				204078202CFF4CCF002147EC /* ContentView.swift */,
				2040782A2CFF4D1A002147EC /* Router */,
			);
			path = Presentation;
			sourceTree = "<group>";
		};
		2040782A2CFF4D1A002147EC /* Router */ = {
			isa = PBXGroup;
			children = (
				2040782B2CFF4D30002147EC /* Router.swift */,
				204078342CFF4E42002147EC /* RouterView.swift */,
			);
			path = Router;
			sourceTree = "<group>";
		};
		2040782D2CFF4D85002147EC /* Domain */ = {
			isa = PBXGroup;
			children = (
				2040782E2CFF4D8D002147EC /* Entities */,
			);
			path = Domain;
			sourceTree = "<group>";
		};
		2040782E2CFF4D8D002147EC /* Entities */ = {
			isa = PBXGroup;
			children = (
				2040782F2CFF4D95002147EC /* Enum */,
			);
			path = Entities;
			sourceTree = "<group>";
		};
		2040782F2CFF4D95002147EC /* Enum */ = {
			isa = PBXGroup;
			children = (
				204078302CFF4DAA002147EC /* RouteEnum.swift */,
			);
			path = Enum;
			sourceTree = "<group>";
		};
		204078362CFF4EBD002147EC /* Input */ = {
			isa = PBXGroup;
			children = (
				204078372CFF4EE1002147EC /* InputView.swift */,
			);
			path = Input;
			sourceTree = "<group>";
		};
		204078392CFF5E41002147EC /* Component */ = {
			isa = PBXGroup;
			children = (
				2040783C2CFF5E84002147EC /* SearchableDropdown.swift */,
			);
			path = Component;
			sourceTree = "<group>";
		};
/* End PBXGroup section */

/* Begin PBXNativeTarget section */
		2040780A2CFF3E49002147EC /* nongkiWeather */ = {
			isa = PBXNativeTarget;
			buildConfigurationList = 204078192CFF3E4A002147EC /* Build configuration list for PBXNativeTarget "nongkiWeather" */;
			buildPhases = (
				204078072CFF3E49002147EC /* Sources */,
				204078082CFF3E49002147EC /* Frameworks */,
				204078092CFF3E49002147EC /* Resources */,
			);
			buildRules = (
			);
			dependencies = (
			);
			name = nongkiWeather;
			packageProductDependencies = (
			);
			productName = nongkiWeather;
			productReference = 2040780B2CFF3E49002147EC /* nongkiWeather.app */;
			productType = "com.apple.product-type.application";
		};
/* End PBXNativeTarget section */

/* Begin PBXProject section */
		204078032CFF3E49002147EC /* Project object */ = {
			isa = PBXProject;
			attributes = {
				BuildIndependentTargetsInParallel = 1;
				LastSwiftUpdateCheck = 1600;
				LastUpgradeCheck = 1600;
				TargetAttributes = {
					2040780A2CFF3E49002147EC = {
						CreatedOnToolsVersion = 16.0;
					};
				};
			};
			buildConfigurationList = 204078062CFF3E49002147EC /* Build configuration list for PBXProject "nongkiWeather" */;
			developmentRegion = en;
			hasScannedForEncodings = 0;
			knownRegions = (
				en,
				Base,
			);
			mainGroup = 204078022CFF3E49002147EC;
			minimizedProjectReferenceProxies = 1;
			preferredProjectObjectVersion = 77;
			productRefGroup = 2040780C2CFF3E49002147EC /* Products */;
			projectDirPath = "";
			projectRoot = "";
			targets = (
				2040780A2CFF3E49002147EC /* nongkiWeather */,
			);
		};
/* End PBXProject section */

/* Begin PBXResourcesBuildPhase section */
		204078092CFF3E49002147EC /* Resources */ = {
			isa = PBXResourcesBuildPhase;
			buildActionMask = 2147483647;
			files = (
				204078232CFF4CCF002147EC /* Preview Assets.xcassets in Resources */,
				204078242CFF4CCF002147EC /* Assets.xcassets in Resources */,
			);
			runOnlyForDeploymentPostprocessing = 0;
		};
/* End PBXResourcesBuildPhase section */

/* Begin PBXSourcesBuildPhase section */
		204078072CFF3E49002147EC /* Sources */ = {
			isa = PBXSourcesBuildPhase;
			buildActionMask = 2147483647;
			files = (
				204078252CFF4CCF002147EC /* ContentView.swift in Sources */,
				2040783D2CFF5E84002147EC /* SearchableDropdown.swift in Sources */,
				2040782C2CFF4D30002147EC /* Router.swift in Sources */,
				204078312CFF4DAA002147EC /* RouteEnum.swift in Sources */,
				204078382CFF4EE1002147EC /* InputView.swift in Sources */,
				204078262CFF4CCF002147EC /* nongkiWeatherApp.swift in Sources */,
				204078352CFF4E42002147EC /* RouterView.swift in Sources */,
			);
			runOnlyForDeploymentPostprocessing = 0;
		};
/* End PBXSourcesBuildPhase section */

/* Begin XCBuildConfiguration section */
		204078172CFF3E4A002147EC /* Debug */ = {
			isa = XCBuildConfiguration;
			buildSettings = {
				ALWAYS_SEARCH_USER_PATHS = NO;
				ASSETCATALOG_COMPILER_GENERATE_SWIFT_ASSET_SYMBOL_EXTENSIONS = YES;
				CLANG_ANALYZER_NONNULL = YES;
				CLANG_ANALYZER_NUMBER_OBJECT_CONVERSION = YES_AGGRESSIVE;
				CLANG_CXX_LANGUAGE_STANDARD = "gnu++20";
				CLANG_ENABLE_MODULES = YES;
				CLANG_ENABLE_OBJC_ARC = YES;
				CLANG_ENABLE_OBJC_WEAK = YES;
				CLANG_WARN_BLOCK_CAPTURE_AUTORELEASING = YES;
				CLANG_WARN_BOOL_CONVERSION = YES;
				CLANG_WARN_COMMA = YES;
				CLANG_WARN_CONSTANT_CONVERSION = YES;
				CLANG_WARN_DEPRECATED_OBJC_IMPLEMENTATIONS = YES;
				CLANG_WARN_DIRECT_OBJC_ISA_USAGE = YES_ERROR;
				CLANG_WARN_DOCUMENTATION_COMMENTS = YES;
				CLANG_WARN_EMPTY_BODY = YES;
				CLANG_WARN_ENUM_CONVERSION = YES;
				CLANG_WARN_INFINITE_RECURSION = YES;
				CLANG_WARN_INT_CONVERSION = YES;
				CLANG_WARN_NON_LITERAL_NULL_CONVERSION = YES;
				CLANG_WARN_OBJC_IMPLICIT_RETAIN_SELF = YES;
				CLANG_WARN_OBJC_LITERAL_CONVERSION = YES;
				CLANG_WARN_OBJC_ROOT_CLASS = YES_ERROR;
				CLANG_WARN_QUOTED_INCLUDE_IN_FRAMEWORK_HEADER = YES;
				CLANG_WARN_RANGE_LOOP_ANALYSIS = YES;
				CLANG_WARN_STRICT_PROTOTYPES = YES;
				CLANG_WARN_SUSPICIOUS_MOVE = YES;
				CLANG_WARN_UNGUARDED_AVAILABILITY = YES_AGGRESSIVE;
				CLANG_WARN_UNREACHABLE_CODE = YES;
				CLANG_WARN__DUPLICATE_METHOD_MATCH = YES;
				COPY_PHASE_STRIP = NO;
				DEBUG_INFORMATION_FORMAT = dwarf;
				ENABLE_STRICT_OBJC_MSGSEND = YES;
				ENABLE_TESTABILITY = YES;
				ENABLE_USER_SCRIPT_SANDBOXING = YES;
				GCC_C_LANGUAGE_STANDARD = gnu17;
				GCC_DYNAMIC_NO_PIC = NO;
				GCC_NO_COMMON_BLOCKS = YES;
				GCC_OPTIMIZATION_LEVEL = 0;
				GCC_PREPROCESSOR_DEFINITIONS = (
					"DEBUG=1",
					"$(inherited)",
				);
				GCC_WARN_64_TO_32_BIT_CONVERSION = YES;
				GCC_WARN_ABOUT_RETURN_TYPE = YES_ERROR;
				GCC_WARN_UNDECLARED_SELECTOR = YES;
				GCC_WARN_UNINITIALIZED_AUTOS = YES_AGGRESSIVE;
				GCC_WARN_UNUSED_FUNCTION = YES;
				GCC_WARN_UNUSED_VARIABLE = YES;
				IPHONEOS_DEPLOYMENT_TARGET = 18.0;
				LOCALIZATION_PREFERS_STRING_CATALOGS = YES;
				MTL_ENABLE_DEBUG_INFO = INCLUDE_SOURCE;
				MTL_FAST_MATH = YES;
				ONLY_ACTIVE_ARCH = YES;
				SDKROOT = iphoneos;
				SWIFT_ACTIVE_COMPILATION_CONDITIONS = "DEBUG $(inherited)";
				SWIFT_OPTIMIZATION_LEVEL = "-Onone";
			};
			name = Debug;
		};
		204078182CFF3E4A002147EC /* Release */ = {
			isa = XCBuildConfiguration;
			buildSettings = {
				ALWAYS_SEARCH_USER_PATHS = NO;
				ASSETCATALOG_COMPILER_GENERATE_SWIFT_ASSET_SYMBOL_EXTENSIONS = YES;
				CLANG_ANALYZER_NONNULL = YES;
				CLANG_ANALYZER_NUMBER_OBJECT_CONVERSION = YES_AGGRESSIVE;
				CLANG_CXX_LANGUAGE_STANDARD = "gnu++20";
				CLANG_ENABLE_MODULES = YES;
				CLANG_ENABLE_OBJC_ARC = YES;
				CLANG_ENABLE_OBJC_WEAK = YES;
				CLANG_WARN_BLOCK_CAPTURE_AUTORELEASING = YES;
				CLANG_WARN_BOOL_CONVERSION = YES;
				CLANG_WARN_COMMA = YES;
				CLANG_WARN_CONSTANT_CONVERSION = YES;
				CLANG_WARN_DEPRECATED_OBJC_IMPLEMENTATIONS = YES;
				CLANG_WARN_DIRECT_OBJC_ISA_USAGE = YES_ERROR;
				CLANG_WARN_DOCUMENTATION_COMMENTS = YES;
				CLANG_WARN_EMPTY_BODY = YES;
				CLANG_WARN_ENUM_CONVERSION = YES;
				CLANG_WARN_INFINITE_RECURSION = YES;
				CLANG_WARN_INT_CONVERSION = YES;
				CLANG_WARN_NON_LITERAL_NULL_CONVERSION = YES;
				CLANG_WARN_OBJC_IMPLICIT_RETAIN_SELF = YES;
				CLANG_WARN_OBJC_LITERAL_CONVERSION = YES;
				CLANG_WARN_OBJC_ROOT_CLASS = YES_ERROR;
				CLANG_WARN_QUOTED_INCLUDE_IN_FRAMEWORK_HEADER = YES;
				CLANG_WARN_RANGE_LOOP_ANALYSIS = YES;
				CLANG_WARN_STRICT_PROTOTYPES = YES;
				CLANG_WARN_SUSPICIOUS_MOVE = YES;
				CLANG_WARN_UNGUARDED_AVAILABILITY = YES_AGGRESSIVE;
				CLANG_WARN_UNREACHABLE_CODE = YES;
				CLANG_WARN__DUPLICATE_METHOD_MATCH = YES;
				COPY_PHASE_STRIP = NO;
				DEBUG_INFORMATION_FORMAT = "dwarf-with-dsym";
				ENABLE_NS_ASSERTIONS = NO;
				ENABLE_STRICT_OBJC_MSGSEND = YES;
				ENABLE_USER_SCRIPT_SANDBOXING = YES;
				GCC_C_LANGUAGE_STANDARD = gnu17;
				GCC_NO_COMMON_BLOCKS = YES;
				GCC_WARN_64_TO_32_BIT_CONVERSION = YES;
				GCC_WARN_ABOUT_RETURN_TYPE = YES_ERROR;
				GCC_WARN_UNDECLARED_SELECTOR = YES;
				GCC_WARN_UNINITIALIZED_AUTOS = YES_AGGRESSIVE;
				GCC_WARN_UNUSED_FUNCTION = YES;
				GCC_WARN_UNUSED_VARIABLE = YES;
				IPHONEOS_DEPLOYMENT_TARGET = 18.0;
				LOCALIZATION_PREFERS_STRING_CATALOGS = YES;
				MTL_ENABLE_DEBUG_INFO = NO;
				MTL_FAST_MATH = YES;
				SDKROOT = iphoneos;
				SWIFT_COMPILATION_MODE = wholemodule;
				VALIDATE_PRODUCT = YES;
			};
			name = Release;
		};
		2040781A2CFF3E4A002147EC /* Debug */ = {
			isa = XCBuildConfiguration;
			buildSettings = {
				ASSETCATALOG_COMPILER_APPICON_NAME = AppIcon;
				ASSETCATALOG_COMPILER_GLOBAL_ACCENT_COLOR_NAME = AccentColor;
				CODE_SIGN_STYLE = Automatic;
				CURRENT_PROJECT_VERSION = 1;
				DEVELOPMENT_ASSET_PATHS = "\"nongkiWeather/Preview Content\"";
				DEVELOPMENT_TEAM = 2RQ6LB993C;
				ENABLE_PREVIEWS = YES;
				GENERATE_INFOPLIST_FILE = YES;
				INFOPLIST_KEY_UIApplicationSceneManifest_Generation = YES;
				INFOPLIST_KEY_UIApplicationSupportsIndirectInputEvents = YES;
				INFOPLIST_KEY_UILaunchScreen_Generation = YES;
				INFOPLIST_KEY_UISupportedInterfaceOrientations_iPad = "UIInterfaceOrientationPortrait UIInterfaceOrientationPortraitUpsideDown UIInterfaceOrientationLandscapeLeft UIInterfaceOrientationLandscapeRight";
				INFOPLIST_KEY_UISupportedInterfaceOrientations_iPhone = "UIInterfaceOrientationPortrait UIInterfaceOrientationLandscapeLeft UIInterfaceOrientationLandscapeRight";
				LD_RUNPATH_SEARCH_PATHS = (
					"$(inherited)",
					"@executable_path/Frameworks",
				);
				MARKETING_VERSION = 1.0;
				PRODUCT_BUNDLE_IDENTIFIER = dindaAS.nongkiWeather;
				PRODUCT_NAME = "$(TARGET_NAME)";
				SWIFT_EMIT_LOC_STRINGS = YES;
				SWIFT_VERSION = 5.0;
				TARGETED_DEVICE_FAMILY = "1,2";
			};
			name = Debug;
		};
		2040781B2CFF3E4A002147EC /* Release */ = {
			isa = XCBuildConfiguration;
			buildSettings = {
				ASSETCATALOG_COMPILER_APPICON_NAME = AppIcon;
				ASSETCATALOG_COMPILER_GLOBAL_ACCENT_COLOR_NAME = AccentColor;
				CODE_SIGN_STYLE = Automatic;
				CURRENT_PROJECT_VERSION = 1;
				DEVELOPMENT_ASSET_PATHS = "\"nongkiWeather/Preview Content\"";
				DEVELOPMENT_TEAM = 2RQ6LB993C;
				ENABLE_PREVIEWS = YES;
				GENERATE_INFOPLIST_FILE = YES;
				INFOPLIST_KEY_UIApplicationSceneManifest_Generation = YES;
				INFOPLIST_KEY_UIApplicationSupportsIndirectInputEvents = YES;
				INFOPLIST_KEY_UILaunchScreen_Generation = YES;
				INFOPLIST_KEY_UISupportedInterfaceOrientations_iPad = "UIInterfaceOrientationPortrait UIInterfaceOrientationPortraitUpsideDown UIInterfaceOrientationLandscapeLeft UIInterfaceOrientationLandscapeRight";
				INFOPLIST_KEY_UISupportedInterfaceOrientations_iPhone = "UIInterfaceOrientationPortrait UIInterfaceOrientationLandscapeLeft UIInterfaceOrientationLandscapeRight";
				LD_RUNPATH_SEARCH_PATHS = (
					"$(inherited)",
					"@executable_path/Frameworks",
				);
				MARKETING_VERSION = 1.0;
				PRODUCT_BUNDLE_IDENTIFIER = dindaAS.nongkiWeather;
				PRODUCT_NAME = "$(TARGET_NAME)";
				SWIFT_EMIT_LOC_STRINGS = YES;
				SWIFT_VERSION = 5.0;
				TARGETED_DEVICE_FAMILY = "1,2";
			};
			name = Release;
		};
/* End XCBuildConfiguration section */

/* Begin XCConfigurationList section */
		204078062CFF3E49002147EC /* Build configuration list for PBXProject "nongkiWeather" */ = {
			isa = XCConfigurationList;
			buildConfigurations = (
				204078172CFF3E4A002147EC /* Debug */,
				204078182CFF3E4A002147EC /* Release */,
			);
			defaultConfigurationIsVisible = 0;
			defaultConfigurationName = Release;
		};
		204078192CFF3E4A002147EC /* Build configuration list for PBXNativeTarget "nongkiWeather" */ = {
			isa = XCConfigurationList;
			buildConfigurations = (
				2040781A2CFF3E4A002147EC /* Debug */,
				2040781B2CFF3E4A002147EC /* Release */,
			);
			defaultConfigurationIsVisible = 0;
			defaultConfigurationName = Release;
		};
/* End XCConfigurationList section */
	};
	rootObject = 204078032CFF3E49002147EC /* Project object */;
}
